// !$*UTF8*$!
{
	archiveVersion = 1;
	classes = {
	};
	objectVersion = 56;
	objects = {

/* Begin PBXBuildFile section */
		C02696F229350208001D24D1 /* DetailViewController.swift in Sources */ = {isa = PBXBuildFile; fileRef = C02696F129350208001D24D1 /* DetailViewController.swift */; };
		C0DB169C2933DAA300248C9C /* InfoModel.swift in Sources */ = {isa = PBXBuildFile; fileRef = C0DB169B2933DAA300248C9C /* InfoModel.swift */; };
		C0F58DF8292FA973002CDBE4 /* AppDelegate.swift in Sources */ = {isa = PBXBuildFile; fileRef = C0F58DF7292FA973002CDBE4 /* AppDelegate.swift */; };
		C0F58DFA292FA973002CDBE4 /* SceneDelegate.swift in Sources */ = {isa = PBXBuildFile; fileRef = C0F58DF9292FA973002CDBE4 /* SceneDelegate.swift */; };
		C0F58DFC292FA973002CDBE4 /* ViewController.swift in Sources */ = {isa = PBXBuildFile; fileRef = C0F58DFB292FA973002CDBE4 /* ViewController.swift */; };
		C0F58DFF292FA973002CDBE4 /* Main.storyboard in Resources */ = {isa = PBXBuildFile; fileRef = C0F58DFD292FA973002CDBE4 /* Main.storyboard */; };
		C0F58E01292FA975002CDBE4 /* Assets.xcassets in Resources */ = {isa = PBXBuildFile; fileRef = C0F58E00292FA975002CDBE4 /* Assets.xcassets */; };
		C0F58E04292FA975002CDBE4 /* LaunchScreen.storyboard in Resources */ = {isa = PBXBuildFile; fileRef = C0F58E02292FA975002CDBE4 /* LaunchScreen.storyboard */; };
		C0F58E1429300DB8002CDBE4 /* ResultsModel.swift in Sources */ = {isa = PBXBuildFile; fileRef = C0F58E1329300DB8002CDBE4 /* ResultsModel.swift */; };
		C0F58E1629300DE1002CDBE4 /* ResponseModel.swift in Sources */ = {isa = PBXBuildFile; fileRef = C0F58E1529300DE1002CDBE4 /* ResponseModel.swift */; };
		C0F58E1829301B66002CDBE4 /* MyFirstAppTableViewCell.swift in Sources */ = {isa = PBXBuildFile; fileRef = C0F58E1729301B66002CDBE4 /* MyFirstAppTableViewCell.swift */; };
/* End PBXBuildFile section */

/* Begin PBXFileReference section */
		C02696F129350208001D24D1 /* DetailViewController.swift */ = {isa = PBXFileReference; lastKnownFileType = sourcecode.swift; path = DetailViewController.swift; sourceTree = "<group>"; };
		C0DB169B2933DAA300248C9C /* InfoModel.swift */ = {isa = PBXFileReference; lastKnownFileType = sourcecode.swift; path = InfoModel.swift; sourceTree = "<group>"; };
		C0F58DF4292FA973002CDBE4 /* MyFirstApplication.app */ = {isa = PBXFileReference; explicitFileType = wrapper.application; includeInIndex = 0; path = MyFirstApplication.app; sourceTree = BUILT_PRODUCTS_DIR; };
		C0F58DF7292FA973002CDBE4 /* AppDelegate.swift */ = {isa = PBXFileReference; lastKnownFileType = sourcecode.swift; path = AppDelegate.swift; sourceTree = "<group>"; };
		C0F58DF9292FA973002CDBE4 /* SceneDelegate.swift */ = {isa = PBXFileReference; lastKnownFileType = sourcecode.swift; path = SceneDelegate.swift; sourceTree = "<group>"; };
		C0F58DFB292FA973002CDBE4 /* ViewController.swift */ = {isa = PBXFileReference; lastKnownFileType = sourcecode.swift; path = ViewController.swift; sourceTree = "<group>"; };
		C0F58DFE292FA973002CDBE4 /* Base */ = {isa = PBXFileReference; lastKnownFileType = file.storyboard; name = Base; path = Base.lproj/Main.storyboard; sourceTree = "<group>"; };
		C0F58E00292FA975002CDBE4 /* Assets.xcassets */ = {isa = PBXFileReference; lastKnownFileType = folder.assetcatalog; path = Assets.xcassets; sourceTree = "<group>"; };
		C0F58E03292FA975002CDBE4 /* Base */ = {isa = PBXFileReference; lastKnownFileType = file.storyboard; name = Base; path = Base.lproj/LaunchScreen.storyboard; sourceTree = "<group>"; };
		C0F58E05292FA975002CDBE4 /* Info.plist */ = {isa = PBXFileReference; lastKnownFileType = text.plist.xml; path = Info.plist; sourceTree = "<group>"; };
		C0F58E1329300DB8002CDBE4 /* ResultsModel.swift */ = {isa = PBXFileReference; lastKnownFileType = sourcecode.swift; path = ResultsModel.swift; sourceTree = "<group>"; };
		C0F58E1529300DE1002CDBE4 /* ResponseModel.swift */ = {isa = PBXFileReference; lastKnownFileType = sourcecode.swift; path = ResponseModel.swift; sourceTree = "<group>"; };
		C0F58E1729301B66002CDBE4 /* MyFirstAppTableViewCell.swift */ = {isa = PBXFileReference; lastKnownFileType = sourcecode.swift; path = MyFirstAppTableViewCell.swift; sourceTree = "<group>"; };
/* End PBXFileReference section */

/* Begin PBXFrameworksBuildPhase section */
		C0F58DF1292FA973002CDBE4 /* Frameworks */ = {
			isa = PBXFrameworksBuildPhase;
			buildActionMask = 2147483647;
			files = (
			);
			runOnlyForDeploymentPostprocessing = 0;
		};
/* End PBXFrameworksBuildPhase section */

/* Begin PBXGroup section */
		C0F58DEB292FA973002CDBE4 = {
			isa = PBXGroup;
			children = (
				C0F58DF6292FA973002CDBE4 /* MyFirstApplication */,
				C0F58DF5292FA973002CDBE4 /* Products */,
			);
			sourceTree = "<group>";
		};
		C0F58DF5292FA973002CDBE4 /* Products */ = {
			isa = PBXGroup;
			children = (
				C0F58DF4292FA973002CDBE4 /* MyFirstApplication.app */,
			);
			name = Products;
			sourceTree = "<group>";
		};
		C0F58DF6292FA973002CDBE4 /* MyFirstApplication */ = {
			isa = PBXGroup;
			children = (
				C0F58DF7292FA973002CDBE4 /* AppDelegate.swift */,
				C0F58DFB292FA973002CDBE4 /* ViewController.swift */,
				C02696F129350208001D24D1 /* DetailViewController.swift */,
				C0F58DF9292FA973002CDBE4 /* SceneDelegate.swift */,
				C0F58DFD292FA973002CDBE4 /* Main.storyboard */,
				C0F58E00292FA975002CDBE4 /* Assets.xcassets */,
				C0F58E02292FA975002CDBE4 /* LaunchScreen.storyboard */,
				C0F58E05292FA975002CDBE4 /* Info.plist */,
				C0F58E1529300DE1002CDBE4 /* ResponseModel.swift */,
				C0DB169B2933DAA300248C9C /* InfoModel.swift */,
				C0F58E1329300DB8002CDBE4 /* ResultsModel.swift */,
				C0F58E1729301B66002CDBE4 /* MyFirstAppTableViewCell.swift */,
			);
			path = MyFirstApplication;
			sourceTree = "<group>";
		};
/* End PBXGroup section */

/* Begin PBXNativeTarget section */
		C0F58DF3292FA973002CDBE4 /* MyFirstApplication */ = {
			isa = PBXNativeTarget;
			buildConfigurationList = C0F58E08292FA975002CDBE4 /* Build configuration list for PBXNativeTarget "MyFirstApplication" */;
			buildPhases = (
				C0F58DF0292FA973002CDBE4 /* Sources */,
				C0F58DF1292FA973002CDBE4 /* Frameworks */,
				C0F58DF2292FA973002CDBE4 /* Resources */,
			);
			buildRules = (
			);
			dependencies = (
			);
			name = MyFirstApplication;
			productName = MyFirstApplication;
			productReference = C0F58DF4292FA973002CDBE4 /* MyFirstApplication.app */;
			productType = "com.apple.product-type.application";
		};
/* End PBXNativeTarget section */

/* Begin PBXProject section */
		C0F58DEC292FA973002CDBE4 /* Project object */ = {
			isa = PBXProject;
			attributes = {
				BuildIndependentTargetsInParallel = 1;
				LastSwiftUpdateCheck = 1400;
				LastUpgradeCheck = 1400;
				TargetAttributes = {
					C0F58DF3292FA973002CDBE4 = {
						CreatedOnToolsVersion = 14.0.1;
					};
				};
			};
			buildConfigurationList = C0F58DEF292FA973002CDBE4 /* Build configuration list for PBXProject "MyFirstApplication" */;
			compatibilityVersion = "Xcode 14.0";
			developmentRegion = en;
			hasScannedForEncodings = 0;
			knownRegions = (
				en,
				Base,
			);
			mainGroup = C0F58DEB292FA973002CDBE4;
			productRefGroup = C0F58DF5292FA973002CDBE4 /* Products */;
			projectDirPath = "";
			projectRoot = "";
			targets = (
				C0F58DF3292FA973002CDBE4 /* MyFirstApplication */,
			);
		};
/* End PBXProject section */

/* Begin PBXResourcesBuildPhase section */
		C0F58DF2292FA973002CDBE4 /* Resources */ = {
			isa = PBXResourcesBuildPhase;
			buildActionMask = 2147483647;
			files = (
				C0F58E04292FA975002CDBE4 /* LaunchScreen.storyboard in Resources */,
				C0F58E01292FA975002CDBE4 /* Assets.xcassets in Resources */,
				C0F58DFF292FA973002CDBE4 /* Main.storyboard in Resources */,
			);
			runOnlyForDeploymentPostprocessing = 0;
		};
/* End PBXResourcesBuildPhase section */

/* Begin PBXSourcesBuildPhase section */
		C0F58DF0292FA973002CDBE4 /* Sources */ = {
			isa = PBXSourcesBuildPhase;
			buildActionMask = 2147483647;
			files = (
				C0F58DFC292FA973002CDBE4 /* ViewController.swift in Sources */,
				C0F58E1429300DB8002CDBE4 /* ResultsModel.swift in Sources */,
				C0F58DF8292FA973002CDBE4 /* AppDelegate.swift in Sources */,
				C0F58E1629300DE1002CDBE4 /* ResponseModel.swift in Sources */,
				C0DB169C2933DAA300248C9C /* InfoModel.swift in Sources */,
				C0F58E1829301B66002CDBE4 /* MyFirstAppTableViewCell.swift in Sources */,
				C0F58DFA292FA973002CDBE4 /* SceneDelegate.swift in Sources */,
				C02696F229350208001D24D1 /* DetailViewController.swift in Sources */,
			);
			runOnlyForDeploymentPostprocessing = 0;
		};
/* End PBXSourcesBuildPhase section */

/* Begin PBXVariantGroup section */
		C0F58DFD292FA973002CDBE4 /* Main.storyboard */ = {
			isa = PBXVariantGroup;
			children = (
				C0F58DFE292FA973002CDBE4 /* Base */,
			);
			name = Main.storyboard;
			sourceTree = "<group>";
		};
		C0F58E02292FA975002CDBE4 /* LaunchScreen.storyboard */ = {
			isa = PBXVariantGroup;
			children = (
				C0F58E03292FA975002CDBE4 /* Base */,
			);
			name = LaunchScreen.storyboard;
			sourceTree = "<group>";
		};
/* End PBXVariantGroup section */

/* Begin XCBuildConfiguration section */
		C0F58E06292FA975002CDBE4 /* Debug */ = {
			isa = XCBuildConfiguration;
			buildSettings = {
				ALWAYS_SEARCH_USER_PATHS = NO;
				CLANG_ANALYZER_NONNULL = YES;
				CLANG_ANALYZER_NUMBER_OBJECT_CONVERSION = YES_AGGRESSIVE;
				CLANG_CXX_LANGUAGE_STANDARD = "gnu++20";
				CLANG_ENABLE_MODULES = YES;
				CLANG_ENABLE_OBJC_ARC = YES;
				CLANG_ENABLE_OBJC_WEAK = YES;
				CLANG_WARN_BLOCK_CAPTURE_AUTORELEASING = YES;
				CLANG_WARN_BOOL_CONVERSION = YES;
				CLANG_WARN_COMMA = YES;
				CLANG_WARN_CONSTANT_CONVERSION = YES;
				CLANG_WARN_DEPRECATED_OBJC_IMPLEMENTATIONS = YES;
				CLANG_WARN_DIRECT_OBJC_ISA_USAGE = YES_ERROR;
				CLANG_WARN_DOCUMENTATION_COMMENTS = YES;
				CLANG_WARN_EMPTY_BODY = YES;
				CLANG_WARN_ENUM_CONVERSION = YES;
				CLANG_WARN_INFINITE_RECURSION = YES;
				CLANG_WARN_INT_CONVERSION = YES;
				CLANG_WARN_NON_LITERAL_NULL_CONVERSION = YES;
				CLANG_WARN_OBJC_IMPLICIT_RETAIN_SELF = YES;
				CLANG_WARN_OBJC_LITERAL_CONVERSION = YES;
				CLANG_WARN_OBJC_ROOT_CLASS = YES_ERROR;
				CLANG_WARN_QUOTED_INCLUDE_IN_FRAMEWORK_HEADER = YES;
				CLANG_WARN_RANGE_LOOP_ANALYSIS = YES;
				CLANG_WARN_STRICT_PROTOTYPES = YES;
				CLANG_WARN_SUSPICIOUS_MOVE = YES;
				CLANG_WARN_UNGUARDED_AVAILABILITY = YES_AGGRESSIVE;
				CLANG_WARN_UNREACHABLE_CODE = YES;
				CLANG_WARN__DUPLICATE_METHOD_MATCH = YES;
				COPY_PHASE_STRIP = NO;
				DEBUG_INFORMATION_FORMAT = dwarf;
				ENABLE_STRICT_OBJC_MSGSEND = YES;
				ENABLE_TESTABILITY = YES;
				GCC_C_LANGUAGE_STANDARD = gnu11;
				GCC_DYNAMIC_NO_PIC = NO;
				GCC_NO_COMMON_BLOCKS = YES;
				GCC_OPTIMIZATION_LEVEL = 0;
				GCC_PREPROCESSOR_DEFINITIONS = (
					"DEBUG=1",
					"$(inherited)",
				);
				GCC_WARN_64_TO_32_BIT_CONVERSION = YES;
				GCC_WARN_ABOUT_RETURN_TYPE = YES_ERROR;
				GCC_WARN_UNDECLARED_SELECTOR = YES;
				GCC_WARN_UNINITIALIZED_AUTOS = YES_AGGRESSIVE;
				GCC_WARN_UNUSED_FUNCTION = YES;
				GCC_WARN_UNUSED_VARIABLE = YES;
				IPHONEOS_DEPLOYMENT_TARGET = 16.0;
				MTL_ENABLE_DEBUG_INFO = INCLUDE_SOURCE;
				MTL_FAST_MATH = YES;
				ONLY_ACTIVE_ARCH = YES;
				SDKROOT = iphoneos;
				SWIFT_ACTIVE_COMPILATION_CONDITIONS = DEBUG;
				SWIFT_OPTIMIZATION_LEVEL = "-Onone";
			};
			name = Debug;
		};
		C0F58E07292FA975002CDBE4 /* Release */ = {
			isa = XCBuildConfiguration;
			buildSettings = {
				ALWAYS_SEARCH_USER_PATHS = NO;
				CLANG_ANALYZER_NONNULL = YES;
				CLANG_ANALYZER_NUMBER_OBJECT_CONVERSION = YES_AGGRESSIVE;
				CLANG_CXX_LANGUAGE_STANDARD = "gnu++20";
				CLANG_ENABLE_MODULES = YES;
				CLANG_ENABLE_OBJC_ARC = YES;
				CLANG_ENABLE_OBJC_WEAK = YES;
				CLANG_WARN_BLOCK_CAPTURE_AUTORELEASING = YES;
				CLANG_WARN_BOOL_CONVERSION = YES;
				CLANG_WARN_COMMA = YES;
				CLANG_WARN_CONSTANT_CONVERSION = YES;
				CLANG_WARN_DEPRECATED_OBJC_IMPLEMENTATIONS = YES;
				CLANG_WARN_DIRECT_OBJC_ISA_USAGE = YES_ERROR;
				CLANG_WARN_DOCUMENTATION_COMMENTS = YES;
				CLANG_WARN_EMPTY_BODY = YES;
				CLANG_WARN_ENUM_CONVERSION = YES;
				CLANG_WARN_INFINITE_RECURSION = YES;
				CLANG_WARN_INT_CONVERSION = YES;
				CLANG_WARN_NON_LITERAL_NULL_CONVERSION = YES;
				CLANG_WARN_OBJC_IMPLICIT_RETAIN_SELF = YES;
				CLANG_WARN_OBJC_LITERAL_CONVERSION = YES;
				CLANG_WARN_OBJC_ROOT_CLASS = YES_ERROR;
				CLANG_WARN_QUOTED_INCLUDE_IN_FRAMEWORK_HEADER = YES;
				CLANG_WARN_RANGE_LOOP_ANALYSIS = YES;
				CLANG_WARN_STRICT_PROTOTYPES = YES;
				CLANG_WARN_SUSPICIOUS_MOVE = YES;
				CLANG_WARN_UNGUARDED_AVAILABILITY = YES_AGGRESSIVE;
				CLANG_WARN_UNREACHABLE_CODE = YES;
				CLANG_WARN__DUPLICATE_METHOD_MATCH = YES;
				COPY_PHASE_STRIP = NO;
				DEBUG_INFORMATION_FORMAT = "dwarf-with-dsym";
				ENABLE_NS_ASSERTIONS = NO;
				ENABLE_STRICT_OBJC_MSGSEND = YES;
				GCC_C_LANGUAGE_STANDARD = gnu11;
				GCC_NO_COMMON_BLOCKS = YES;
				GCC_WARN_64_TO_32_BIT_CONVERSION = YES;
				GCC_WARN_ABOUT_RETURN_TYPE = YES_ERROR;
				GCC_WARN_UNDECLARED_SELECTOR = YES;
				GCC_WARN_UNINITIALIZED_AUTOS = YES_AGGRESSIVE;
				GCC_WARN_UNUSED_FUNCTION = YES;
				GCC_WARN_UNUSED_VARIABLE = YES;
				IPHONEOS_DEPLOYMENT_TARGET = 16.0;
				MTL_ENABLE_DEBUG_INFO = NO;
				MTL_FAST_MATH = YES;
				SDKROOT = iphoneos;
				SWIFT_COMPILATION_MODE = wholemodule;
				SWIFT_OPTIMIZATION_LEVEL = "-O";
				VALIDATE_PRODUCT = YES;
			};
			name = Release;
		};
		C0F58E09292FA975002CDBE4 /* Debug */ = {
			isa = XCBuildConfiguration;
			buildSettings = {
				ASSETCATALOG_COMPILER_APPICON_NAME = AppIcon;
				ASSETCATALOG_COMPILER_GLOBAL_ACCENT_COLOR_NAME = AccentColor;
				CODE_SIGN_STYLE = Automatic;
				CURRENT_PROJECT_VERSION = 1;
				GENERATE_INFOPLIST_FILE = YES;
				INFOPLIST_FILE = MyFirstApplication/Info.plist;
				INFOPLIST_KEY_UIApplicationSupportsIndirectInputEvents = YES;
				INFOPLIST_KEY_UILaunchStoryboardName = LaunchScreen;
				INFOPLIST_KEY_UIMainStoryboardFile = Main;
				INFOPLIST_KEY_UISupportedInterfaceOrientations_iPad = "UIInterfaceOrientationPortrait UIInterfaceOrientationPortraitUpsideDown UIInterfaceOrientationLandscapeLeft UIInterfaceOrientationLandscapeRight";
				INFOPLIST_KEY_UISupportedInterfaceOrientations_iPhone = "UIInterfaceOrientationPortrait UIInterfaceOrientationLandscapeLeft UIInterfaceOrientationLandscapeRight";
				LD_RUNPATH_SEARCH_PATHS = (
					"$(inherited)",
					"@executable_path/Frameworks",
				);
				MARKETING_VERSION = 1.0;
				PRODUCT_BUNDLE_IDENTIFIER = info.MyFirstApplication;
				PRODUCT_NAME = "$(TARGET_NAME)";
				SWIFT_EMIT_LOC_STRINGS = YES;
				SWIFT_VERSION = 5.0;
				TARGETED_DEVICE_FAMILY = "1,2";
			};
			name = Debug;
		};
		C0F58E0A292FA975002CDBE4 /* Release */ = {
			isa = XCBuildConfiguration;
			buildSettings = {
				ASSETCATALOG_COMPILER_APPICON_NAME = AppIcon;
				ASSETCATALOG_COMPILER_GLOBAL_ACCENT_COLOR_NAME = AccentColor;
				CODE_SIGN_STYLE = Automatic;
				CURRENT_PROJECT_VERSION = 1;
				GENERATE_INFOPLIST_FILE = YES;
				INFOPLIST_FILE = MyFirstApplication/Info.plist;
				INFOPLIST_KEY_UIApplicationSupportsIndirectInputEvents = YES;
				INFOPLIST_KEY_UILaunchStoryboardName = LaunchScreen;
				INFOPLIST_KEY_UIMainStoryboardFile = Main;
				INFOPLIST_KEY_UISupportedInterfaceOrientations_iPad = "UIInterfaceOrientationPortrait UIInterfaceOrientationPortraitUpsideDown UIInterfaceOrientationLandscapeLeft UIInterfaceOrientationLandscapeRight";
				INFOPLIST_KEY_UISupportedInterfaceOrientations_iPhone = "UIInterfaceOrientationPortrait UIInterfaceOrientationLandscapeLeft UIInterfaceOrientationLandscapeRight";
				LD_RUNPATH_SEARCH_PATHS = (
					"$(inherited)",
					"@executable_path/Frameworks",
				);
				MARKETING_VERSION = 1.0;
				PRODUCT_BUNDLE_IDENTIFIER = info.MyFirstApplication;
				PRODUCT_NAME = "$(TARGET_NAME)";
				SWIFT_EMIT_LOC_STRINGS = YES;
				SWIFT_VERSION = 5.0;
				TARGETED_DEVICE_FAMILY = "1,2";
			};
			name = Release;
		};
/* End XCBuildConfiguration section */

/* Begin XCConfigurationList section */
		C0F58DEF292FA973002CDBE4 /* Build configuration list for PBXProject "MyFirstApplication" */ = {
			isa = XCConfigurationList;
			buildConfigurations = (
				C0F58E06292FA975002CDBE4 /* Debug */,
				C0F58E07292FA975002CDBE4 /* Release */,
			);
			defaultConfigurationIsVisible = 0;
			defaultConfigurationName = Release;
		};
		C0F58E08292FA975002CDBE4 /* Build configuration list for PBXNativeTarget "MyFirstApplication" */ = {
			isa = XCConfigurationList;
			buildConfigurations = (
				C0F58E09292FA975002CDBE4 /* Debug */,
				C0F58E0A292FA975002CDBE4 /* Release */,
			);
			defaultConfigurationIsVisible = 0;
			defaultConfigurationName = Release;
		};
/* End XCConfigurationList section */
	};
	rootObject = C0F58DEC292FA973002CDBE4 /* Project object */;
}
